
Microsoft Visual Studio Solution File, Format Version 12.00
# Visual Studio Version 17
VisualStudioVersion = 17.3.32929.385
MinimumVisualStudioVersion = 10.0.40219.1
Project("{FAE04EC0-301F-11D3-BF4B-00C04F79EFBC}") = "UdemyEfCore.DatabaseFirst", "UdemyEfCore.DatabaseFirst\UdemyEfCore.DatabaseFirst.csproj", "{870DE639-8092-42EF-B71F-E8399054DDBE}"
EndProject
Project("{FAE04EC0-301F-11D3-BF4B-00C04F79EFBC}") = "UdemyEFCore.DatabaseFirstByScaffold", "UdemyEFCore.DatabaseFirstByScaffold\UdemyEFCore.DatabaseFirstByScaffold.csproj", "{8FCE48CF-0FFF-4230-A9F9-25FFCEBF1E00}"
EndProject
Global
	GlobalSection(SolutionConfigurationPlatforms) = preSolution
		Debug|Any CPU = Debug|Any CPU
		Release|Any CPU = Release|Any CPU
	EndGlobalSection
	GlobalSection(ProjectConfigurationPlatforms) = postSolution
		{870DE639-8092-42EF-B71F-E8399054DDBE}.Debug|Any CPU.ActiveCfg = Debug|Any CPU
		{870DE639-8092-42EF-B71F-E8399054DDBE}.Debug|Any CPU.Build.0 = Debug|Any CPU
		{870DE639-8092-42EF-B71F-E8399054DDBE}.Release|Any CPU.ActiveCfg = Release|Any CPU
		{870DE639-8092-42EF-B71F-E8399054DDBE}.Release|Any CPU.Build.0 = Release|Any CPU
		{8FCE48CF-0FFF-4230-A9F9-25FFCEBF1E00}.Debug|Any CPU.ActiveCfg = Debug|Any CPU
		{8FCE48CF-0FFF-4230-A9F9-25FFCEBF1E00}.Debug|Any CPU.Build.0 = Debug|Any CPU
		{8FCE48CF-0FFF-4230-A9F9-25FFCEBF1E00}.Release|Any CPU.ActiveCfg = Release|Any CPU
		{8FCE48CF-0FFF-4230-A9F9-25FFCEBF1E00}.Release|Any CPU.Build.0 = Release|Any CPU
	EndGlobalSection
	GlobalSection(SolutionProperties) = preSolution
		HideSolutionNode = FALSE
	EndGlobalSection
	GlobalSection(ExtensibilityGlobals) = postSolution
		SolutionGuid = {E4F691B2-E68D-4908-B1CF-F3B7C52DDFD3}
	EndGlobalSection
EndGlobal
